
Microsoft Visual Studio Solution File, Format Version 12.00
# Visual Studio Version 16
VisualStudioVersion = 16.0.30114.128
MinimumVisualStudioVersion = 10.0.40219.1
Project("{FAE04EC0-301F-11D3-BF4B-00C04F79EFBC}") = "DotNetCore", "DotNetCore\DotNetCore.csproj", "{F1C48220-FB70-436C-8C40-9A6ACA3A8D96}"
EndProject
Project("{FAE04EC0-301F-11D3-BF4B-00C04F79EFBC}") = "DotNetCoreNullable", "DotNetCoreNullable\DotNetCoreNullable.csproj", "{047D4C78-8134-4BEB-8950-0BC4044AA789}"
EndProject
Global
	GlobalSection(SolutionConfigurationPlatforms) = preSolution
		Debug|Any CPU = Debug|Any CPU
		Release|Any CPU = Release|Any CPU
	EndGlobalSection
	GlobalSection(ProjectConfigurationPlatforms) = postSolution
		{F1C48220-FB70-436C-8C40-9A6ACA3A8D96}.Debug|Any CPU.ActiveCfg = Debug|Any CPU
		{F1C48220-FB70-436C-8C40-9A6ACA3A8D96}.Debug|Any CPU.Build.0 = Debug|Any CPU
		{F1C48220-FB70-436C-8C40-9A6ACA3A8D96}.Release|Any CPU.ActiveCfg = Release|Any CPU
		{F1C48220-FB70-436C-8C40-9A6ACA3A8D96}.Release|Any CPU.Build.0 = Release|Any CPU
		{047D4C78-8134-4BEB-8950-0BC4044AA789}.Debug|Any CPU.ActiveCfg = Debug|Any CPU
		{047D4C78-8134-4BEB-8950-0BC4044AA789}.Debug|Any CPU.Build.0 = Debug|Any CPU
		{047D4C78-8134-4BEB-8950-0BC4044AA789}.Release|Any CPU.ActiveCfg = Release|Any CPU
		{047D4C78-8134-4BEB-8950-0BC4044AA789}.Release|Any CPU.Build.0 = Release|Any CPU
	EndGlobalSection
	GlobalSection(SolutionProperties) = preSolution
		HideSolutionNode = FALSE
	EndGlobalSection
	GlobalSection(ExtensibilityGlobals) = postSolution
		SolutionGuid = {F0588F66-DE8D-4E21-B68B-BD7C1B4A6860}
	EndGlobalSection
EndGlobal
